// !$*UTF8*$!
{
	archiveVersion = 1;
	classes = {
	};
	objectVersion = 50;
	objects = {

/* Begin PBXBuildFile section */
		2701587621C0E37000CEF17D /* AppDelegate.swift in Sources */ = {isa = PBXBuildFile; fileRef = 2701587521C0E37000CEF17D /* AppDelegate.swift */; };
		2701587821C0E37000CEF17D /* ViewController.swift in Sources */ = {isa = PBXBuildFile; fileRef = 2701587721C0E37000CEF17D /* ViewController.swift */; };
		2701587B21C0E37000CEF17D /* Main.storyboard in Resources */ = {isa = PBXBuildFile; fileRef = 2701587921C0E37000CEF17D /* Main.storyboard */; };
		2701587D21C0E37200CEF17D /* Assets.xcassets in Resources */ = {isa = PBXBuildFile; fileRef = 2701587C21C0E37200CEF17D /* Assets.xcassets */; };
		2701588021C0E37200CEF17D /* LaunchScreen.storyboard in Resources */ = {isa = PBXBuildFile; fileRef = 2701587E21C0E37200CEF17D /* LaunchScreen.storyboard */; };
		2701588B21C0E37200CEF17D /* GTAHybridTests.swift in Sources */ = {isa = PBXBuildFile; fileRef = 2701588A21C0E37200CEF17D /* GTAHybridTests.swift */; };
		2701589621C0E37200CEF17D /* GTAHybridUITests.swift in Sources */ = {isa = PBXBuildFile; fileRef = 2701589521C0E37200CEF17D /* GTAHybridUITests.swift */; };
		270158A621C0ED5800CEF17D /* WKWebViewController.swift in Sources */ = {isa = PBXBuildFile; fileRef = 270158A521C0ED5800CEF17D /* WKWebViewController.swift */; };
		270158A821C0ED6A00CEF17D /* RNViewController.swift in Sources */ = {isa = PBXBuildFile; fileRef = 270158A721C0ED6A00CEF17D /* RNViewController.swift */; };
		92D7874F6196B0280702DDFA /* Pods_GTAHybrid.framework in Frameworks */ = {isa = PBXBuildFile; fileRef = 92363BE9AB315CDE43E6CCA3 /* Pods_GTAHybrid.framework */; };
		CCD0EE0B0ECCBF00588525D1 /* Pods_GTAHybridUITests.framework in Frameworks */ = {isa = PBXBuildFile; fileRef = 29D6D353B39E866B2388F50C /* Pods_GTAHybridUITests.framework */; };
		EB8566EC74C5F83DE2D56FF8 /* Pods_GTAHybridTests.framework in Frameworks */ = {isa = PBXBuildFile; fileRef = E63918AAF0533AD099159A41 /* Pods_GTAHybridTests.framework */; };
/* End PBXBuildFile section */

/* Begin PBXContainerItemProxy section */
		2701588721C0E37200CEF17D /* PBXContainerItemProxy */ = {
			isa = PBXContainerItemProxy;
			containerPortal = 2701586A21C0E37000CEF17D /* Project object */;
			proxyType = 1;
			remoteGlobalIDString = 2701587121C0E37000CEF17D;
			remoteInfo = GTAHybrid;
		};
		2701589221C0E37200CEF17D /* PBXContainerItemProxy */ = {
			isa = PBXContainerItemProxy;
			containerPortal = 2701586A21C0E37000CEF17D /* Project object */;
			proxyType = 1;
			remoteGlobalIDString = 2701587121C0E37000CEF17D;
			remoteInfo = GTAHybrid;
		};
/* End PBXContainerItemProxy section */

/* Begin PBXFileReference section */
		2701587221C0E37000CEF17D /* GTAHybrid.app */ = {isa = PBXFileReference; explicitFileType = wrapper.application; includeInIndex = 0; path = GTAHybrid.app; sourceTree = BUILT_PRODUCTS_DIR; };
		2701587521C0E37000CEF17D /* AppDelegate.swift */ = {isa = PBXFileReference; lastKnownFileType = sourcecode.swift; path = AppDelegate.swift; sourceTree = "<group>"; };
		2701587721C0E37000CEF17D /* ViewController.swift */ = {isa = PBXFileReference; lastKnownFileType = sourcecode.swift; path = ViewController.swift; sourceTree = "<group>"; };
		2701587A21C0E37000CEF17D /* Base */ = {isa = PBXFileReference; lastKnownFileType = file.storyboard; name = Base; path = Base.lproj/Main.storyboard; sourceTree = "<group>"; };
		2701587C21C0E37200CEF17D /* Assets.xcassets */ = {isa = PBXFileReference; lastKnownFileType = folder.assetcatalog; path = Assets.xcassets; sourceTree = "<group>"; };
		2701587F21C0E37200CEF17D /* Base */ = {isa = PBXFileReference; lastKnownFileType = file.storyboard; name = Base; path = Base.lproj/LaunchScreen.storyboard; sourceTree = "<group>"; };
		2701588121C0E37200CEF17D /* Info.plist */ = {isa = PBXFileReference; lastKnownFileType = text.plist.xml; path = Info.plist; sourceTree = "<group>"; };
		2701588621C0E37200CEF17D /* GTAHybridTests.xctest */ = {isa = PBXFileReference; explicitFileType = wrapper.cfbundle; includeInIndex = 0; path = GTAHybridTests.xctest; sourceTree = BUILT_PRODUCTS_DIR; };
		2701588A21C0E37200CEF17D /* GTAHybridTests.swift */ = {isa = PBXFileReference; lastKnownFileType = sourcecode.swift; path = GTAHybridTests.swift; sourceTree = "<group>"; };
		2701588C21C0E37200CEF17D /* Info.plist */ = {isa = PBXFileReference; lastKnownFileType = text.plist.xml; path = Info.plist; sourceTree = "<group>"; };
		2701589121C0E37200CEF17D /* GTAHybridUITests.xctest */ = {isa = PBXFileReference; explicitFileType = wrapper.cfbundle; includeInIndex = 0; path = GTAHybridUITests.xctest; sourceTree = BUILT_PRODUCTS_DIR; };
		2701589521C0E37200CEF17D /* GTAHybridUITests.swift */ = {isa = PBXFileReference; lastKnownFileType = sourcecode.swift; path = GTAHybridUITests.swift; sourceTree = "<group>"; };
		2701589721C0E37200CEF17D /* Info.plist */ = {isa = PBXFileReference; lastKnownFileType = text.plist.xml; path = Info.plist; sourceTree = "<group>"; };
		270158A521C0ED5800CEF17D /* WKWebViewController.swift */ = {isa = PBXFileReference; lastKnownFileType = sourcecode.swift; path = WKWebViewController.swift; sourceTree = "<group>"; };
		270158A721C0ED6A00CEF17D /* RNViewController.swift */ = {isa = PBXFileReference; lastKnownFileType = sourcecode.swift; path = RNViewController.swift; sourceTree = "<group>"; };
		29D6D353B39E866B2388F50C /* Pods_GTAHybridUITests.framework */ = {isa = PBXFileReference; explicitFileType = wrapper.framework; includeInIndex = 0; path = Pods_GTAHybridUITests.framework; sourceTree = BUILT_PRODUCTS_DIR; };
		3EF3D9B57548C6D517995166 /* Pods-GTAHybridUITests.release.xcconfig */ = {isa = PBXFileReference; includeInIndex = 1; lastKnownFileType = text.xcconfig; name = "Pods-GTAHybridUITests.release.xcconfig"; path = "Pods/Target Support Files/Pods-GTAHybridUITests/Pods-GTAHybridUITests.release.xcconfig"; sourceTree = "<group>"; };
		43BFF783DFDD0376CB2CE526 /* Pods-GTAHybridTests.release.xcconfig */ = {isa = PBXFileReference; includeInIndex = 1; lastKnownFileType = text.xcconfig; name = "Pods-GTAHybridTests.release.xcconfig"; path = "Pods/Target Support Files/Pods-GTAHybridTests/Pods-GTAHybridTests.release.xcconfig"; sourceTree = "<group>"; };
		4DB95051226D4CF1CFA1D5B0 /* Pods-GTAHybrid.debug.xcconfig */ = {isa = PBXFileReference; includeInIndex = 1; lastKnownFileType = text.xcconfig; name = "Pods-GTAHybrid.debug.xcconfig"; path = "Pods/Target Support Files/Pods-GTAHybrid/Pods-GTAHybrid.debug.xcconfig"; sourceTree = "<group>"; };
		4F76EEEB52AC2C3C0E45A2A6 /* Pods-GTAHybridUITests.debug.xcconfig */ = {isa = PBXFileReference; includeInIndex = 1; lastKnownFileType = text.xcconfig; name = "Pods-GTAHybridUITests.debug.xcconfig"; path = "Pods/Target Support Files/Pods-GTAHybridUITests/Pods-GTAHybridUITests.debug.xcconfig"; sourceTree = "<group>"; };
		8C29E760CD0446A1E76C484D /* Pods-GTAHybrid.release.xcconfig */ = {isa = PBXFileReference; includeInIndex = 1; lastKnownFileType = text.xcconfig; name = "Pods-GTAHybrid.release.xcconfig"; path = "Pods/Target Support Files/Pods-GTAHybrid/Pods-GTAHybrid.release.xcconfig"; sourceTree = "<group>"; };
		92363BE9AB315CDE43E6CCA3 /* Pods_GTAHybrid.framework */ = {isa = PBXFileReference; explicitFileType = wrapper.framework; includeInIndex = 0; path = Pods_GTAHybrid.framework; sourceTree = BUILT_PRODUCTS_DIR; };
		CFE087E9CBC40A878B7A298C /* Pods-GTAHybridTests.debug.xcconfig */ = {isa = PBXFileReference; includeInIndex = 1; lastKnownFileType = text.xcconfig; name = "Pods-GTAHybridTests.debug.xcconfig"; path = "Pods/Target Support Files/Pods-GTAHybridTests/Pods-GTAHybridTests.debug.xcconfig"; sourceTree = "<group>"; };
		E63918AAF0533AD099159A41 /* Pods_GTAHybridTests.framework */ = {isa = PBXFileReference; explicitFileType = wrapper.framework; includeInIndex = 0; path = Pods_GTAHybridTests.framework; sourceTree = BUILT_PRODUCTS_DIR; };
/* End PBXFileReference section */

/* Begin PBXFrameworksBuildPhase section */
		2701586F21C0E37000CEF17D /* Frameworks */ = {
			isa = PBXFrameworksBuildPhase;
			buildActionMask = 2147483647;
			files = (
				92D7874F6196B0280702DDFA /* Pods_GTAHybrid.framework in Frameworks */,
			);
			runOnlyForDeploymentPostprocessing = 0;
		};
		2701588321C0E37200CEF17D /* Frameworks */ = {
			isa = PBXFrameworksBuildPhase;
			buildActionMask = 2147483647;
			files = (
				EB8566EC74C5F83DE2D56FF8 /* Pods_GTAHybridTests.framework in Frameworks */,
			);
			runOnlyForDeploymentPostprocessing = 0;
		};
		2701588E21C0E37200CEF17D /* Frameworks */ = {
			isa = PBXFrameworksBuildPhase;
			buildActionMask = 2147483647;
			files = (
				CCD0EE0B0ECCBF00588525D1 /* Pods_GTAHybridUITests.framework in Frameworks */,
			);
			runOnlyForDeploymentPostprocessing = 0;
		};
/* End PBXFrameworksBuildPhase section */

/* Begin PBXGroup section */
		2701586921C0E37000CEF17D = {
			isa = PBXGroup;
			children = (
				2701587421C0E37000CEF17D /* GTAHybrid */,
				2701588921C0E37200CEF17D /* GTAHybridTests */,
				2701589421C0E37200CEF17D /* GTAHybridUITests */,
				2701587321C0E37000CEF17D /* Products */,
				B84DF39DFAB37078951D26D1 /* Pods */,
				5C8D123A1E146A050018E067 /* Frameworks */,
			);
			sourceTree = "<group>";
		};
		2701587321C0E37000CEF17D /* Products */ = {
			isa = PBXGroup;
			children = (
				2701587221C0E37000CEF17D /* GTAHybrid.app */,
				2701588621C0E37200CEF17D /* GTAHybridTests.xctest */,
				2701589121C0E37200CEF17D /* GTAHybridUITests.xctest */,
			);
			name = Products;
			sourceTree = "<group>";
		};
		2701587421C0E37000CEF17D /* GTAHybrid */ = {
			isa = PBXGroup;
			children = (
				270158A921C0ED7900CEF17D /* Business */,
				270158A421C0ED4000CEF17D /* WebView */,
				270158A321C0ED3700CEF17D /* Hybrid */,
				2701587521C0E37000CEF17D /* AppDelegate.swift */,
				2701587721C0E37000CEF17D /* ViewController.swift */,
				2701587921C0E37000CEF17D /* Main.storyboard */,
				2701587C21C0E37200CEF17D /* Assets.xcassets */,
				2701587E21C0E37200CEF17D /* LaunchScreen.storyboard */,
				2701588121C0E37200CEF17D /* Info.plist */,
			);
			path = GTAHybrid;
			sourceTree = "<group>";
		};
		2701588921C0E37200CEF17D /* GTAHybridTests */ = {
			isa = PBXGroup;
			children = (
				2701588A21C0E37200CEF17D /* GTAHybridTests.swift */,
				2701588C21C0E37200CEF17D /* Info.plist */,
			);
			path = GTAHybridTests;
			sourceTree = "<group>";
		};
		2701589421C0E37200CEF17D /* GTAHybridUITests */ = {
			isa = PBXGroup;
			children = (
				2701589521C0E37200CEF17D /* GTAHybridUITests.swift */,
				2701589721C0E37200CEF17D /* Info.plist */,
			);
			path = GTAHybridUITests;
			sourceTree = "<group>";
		};
		270158A321C0ED3700CEF17D /* Hybrid */ = {
			isa = PBXGroup;
			children = (
				270158A721C0ED6A00CEF17D /* RNViewController.swift */,
			);
			path = Hybrid;
			sourceTree = "<group>";
		};
		270158A421C0ED4000CEF17D /* WebView */ = {
			isa = PBXGroup;
			children = (
				270158A521C0ED5800CEF17D /* WKWebViewController.swift */,
			);
			path = WebView;
			sourceTree = "<group>";
		};
		270158A921C0ED7900CEF17D /* Business */ = {
			isa = PBXGroup;
			children = (
			);
			path = Business;
			sourceTree = "<group>";
		};
		5C8D123A1E146A050018E067 /* Frameworks */ = {
			isa = PBXGroup;
			children = (
				92363BE9AB315CDE43E6CCA3 /* Pods_GTAHybrid.framework */,
				E63918AAF0533AD099159A41 /* Pods_GTAHybridTests.framework */,
				29D6D353B39E866B2388F50C /* Pods_GTAHybridUITests.framework */,
			);
			name = Frameworks;
			sourceTree = "<group>";
		};
		B84DF39DFAB37078951D26D1 /* Pods */ = {
			isa = PBXGroup;
			children = (
				4DB95051226D4CF1CFA1D5B0 /* Pods-GTAHybrid.debug.xcconfig */,
				8C29E760CD0446A1E76C484D /* Pods-GTAHybrid.release.xcconfig */,
				CFE087E9CBC40A878B7A298C /* Pods-GTAHybridTests.debug.xcconfig */,
				43BFF783DFDD0376CB2CE526 /* Pods-GTAHybridTests.release.xcconfig */,
				4F76EEEB52AC2C3C0E45A2A6 /* Pods-GTAHybridUITests.debug.xcconfig */,
				3EF3D9B57548C6D517995166 /* Pods-GTAHybridUITests.release.xcconfig */,
			);
			name = Pods;
			sourceTree = "<group>";
		};
/* End PBXGroup section */

/* Begin PBXNativeTarget section */
		2701587121C0E37000CEF17D /* GTAHybrid */ = {
			isa = PBXNativeTarget;
			buildConfigurationList = 2701589A21C0E37200CEF17D /* Build configuration list for PBXNativeTarget "GTAHybrid" */;
			buildPhases = (
				F4D33EC4AD93B6793D853A01 /* [CP] Check Pods Manifest.lock */,
				2701586E21C0E37000CEF17D /* Sources */,
				2701586F21C0E37000CEF17D /* Frameworks */,
				2701587021C0E37000CEF17D /* Resources */,
				03E14F1448E0DFCD107E513A /* [CP] Embed Pods Frameworks */,
			);
			buildRules = (
			);
			dependencies = (
			);
			name = GTAHybrid;
			productName = GTAHybrid;
			productReference = 2701587221C0E37000CEF17D /* GTAHybrid.app */;
			productType = "com.apple.product-type.application";
		};
		2701588521C0E37200CEF17D /* GTAHybridTests */ = {
			isa = PBXNativeTarget;
			buildConfigurationList = 2701589D21C0E37200CEF17D /* Build configuration list for PBXNativeTarget "GTAHybridTests" */;
			buildPhases = (
				8FC13580EE151FC0DA6FF67F /* [CP] Check Pods Manifest.lock */,
				2701588221C0E37200CEF17D /* Sources */,
				2701588321C0E37200CEF17D /* Frameworks */,
				2701588421C0E37200CEF17D /* Resources */,
			);
			buildRules = (
			);
			dependencies = (
				2701588821C0E37200CEF17D /* PBXTargetDependency */,
			);
			name = GTAHybridTests;
			productName = GTAHybridTests;
			productReference = 2701588621C0E37200CEF17D /* GTAHybridTests.xctest */;
			productType = "com.apple.product-type.bundle.unit-test";
		};
		2701589021C0E37200CEF17D /* GTAHybridUITests */ = {
			isa = PBXNativeTarget;
			buildConfigurationList = 270158A021C0E37200CEF17D /* Build configuration list for PBXNativeTarget "GTAHybridUITests" */;
			buildPhases = (
				33285556E72103DBA1A6AA3C /* [CP] Check Pods Manifest.lock */,
				2701588D21C0E37200CEF17D /* Sources */,
				2701588E21C0E37200CEF17D /* Frameworks */,
				2701588F21C0E37200CEF17D /* Resources */,
			);
			buildRules = (
			);
			dependencies = (
				2701589321C0E37200CEF17D /* PBXTargetDependency */,
			);
			name = GTAHybridUITests;
			productName = GTAHybridUITests;
			productReference = 2701589121C0E37200CEF17D /* GTAHybridUITests.xctest */;
			productType = "com.apple.product-type.bundle.ui-testing";
		};
/* End PBXNativeTarget section */

/* Begin PBXProject section */
		2701586A21C0E37000CEF17D /* Project object */ = {
			isa = PBXProject;
			attributes = {
				LastSwiftUpdateCheck = 1000;
				LastUpgradeCheck = 1000;
				ORGANIZATIONNAME = goingta;
				TargetAttributes = {
					2701587121C0E37000CEF17D = {
						CreatedOnToolsVersion = 10.0;
					};
					2701588521C0E37200CEF17D = {
						CreatedOnToolsVersion = 10.0;
						TestTargetID = 2701587121C0E37000CEF17D;
					};
					2701589021C0E37200CEF17D = {
						CreatedOnToolsVersion = 10.0;
						TestTargetID = 2701587121C0E37000CEF17D;
					};
				};
			};
			buildConfigurationList = 2701586D21C0E37000CEF17D /* Build configuration list for PBXProject "GTAHybrid" */;
			compatibilityVersion = "Xcode 9.3";
			developmentRegion = en;
			hasScannedForEncodings = 0;
			knownRegions = (
				en,
				Base,
			);
			mainGroup = 2701586921C0E37000CEF17D;
			productRefGroup = 2701587321C0E37000CEF17D /* Products */;
			projectDirPath = "";
			projectRoot = "";
			targets = (
				2701587121C0E37000CEF17D /* GTAHybrid */,
				2701588521C0E37200CEF17D /* GTAHybridTests */,
				2701589021C0E37200CEF17D /* GTAHybridUITests */,
			);
		};
/* End PBXProject section */

/* Begin PBXResourcesBuildPhase section */
		2701587021C0E37000CEF17D /* Resources */ = {
			isa = PBXResourcesBuildPhase;
			buildActionMask = 2147483647;
			files = (
				2701588021C0E37200CEF17D /* LaunchScreen.storyboard in Resources */,
				2701587D21C0E37200CEF17D /* Assets.xcassets in Resources */,
				2701587B21C0E37000CEF17D /* Main.storyboard in Resources */,
			);
			runOnlyForDeploymentPostprocessing = 0;
		};
		2701588421C0E37200CEF17D /* Resources */ = {
			isa = PBXResourcesBuildPhase;
			buildActionMask = 2147483647;
			files = (
			);
			runOnlyForDeploymentPostprocessing = 0;
		};
		2701588F21C0E37200CEF17D /* Resources */ = {
			isa = PBXResourcesBuildPhase;
			buildActionMask = 2147483647;
			files = (
			);
			runOnlyForDeploymentPostprocessing = 0;
		};
/* End PBXResourcesBuildPhase section */

/* Begin PBXShellScriptBuildPhase section */
		03E14F1448E0DFCD107E513A /* [CP] Embed Pods Frameworks */ = {
			isa = PBXShellScriptBuildPhase;
			buildActionMask = 2147483647;
			files = (
			);
			inputPaths = (
				"${SRCROOT}/Pods/Target Support Files/Pods-GTAHybrid/Pods-GTAHybrid-frameworks.sh",
				"${BUILT_PRODUCTS_DIR}/Alamofire/Alamofire.framework",
				"${PODS_ROOT}/Reveal-SDK/RevealServer-4/iOS/RevealServer.framework",
				"${BUILT_PRODUCTS_DIR}/Toast-Swift/Toast_Swift.framework",
				"${BUILT_PRODUCTS_DIR}/URLNavigator/URLNavigator.framework",
				"${BUILT_PRODUCTS_DIR}/WebViewJavascriptBridge/WebViewJavascriptBridge.framework",
			);
			name = "[CP] Embed Pods Frameworks";
			outputPaths = (
				"${TARGET_BUILD_DIR}/${FRAMEWORKS_FOLDER_PATH}/Alamofire.framework",
				"${TARGET_BUILD_DIR}/${FRAMEWORKS_FOLDER_PATH}/RevealServer.framework",
				"${TARGET_BUILD_DIR}/${FRAMEWORKS_FOLDER_PATH}/Toast_Swift.framework",
				"${TARGET_BUILD_DIR}/${FRAMEWORKS_FOLDER_PATH}/URLNavigator.framework",
				"${TARGET_BUILD_DIR}/${FRAMEWORKS_FOLDER_PATH}/WebViewJavascriptBridge.framework",
			);
			runOnlyForDeploymentPostprocessing = 0;
			shellPath = /bin/sh;
			shellScript = "\"${SRCROOT}/Pods/Target Support Files/Pods-GTAHybrid/Pods-GTAHybrid-frameworks.sh\"\n";
			showEnvVarsInLog = 0;
		};
		33285556E72103DBA1A6AA3C /* [CP] Check Pods Manifest.lock */ = {
			isa = PBXShellScriptBuildPhase;
			buildActionMask = 2147483647;
			files = (
			);
			inputPaths = (
				"${PODS_PODFILE_DIR_PATH}/Podfile.lock",
				"${PODS_ROOT}/Manifest.lock",
			);
			name = "[CP] Check Pods Manifest.lock";
			outputPaths = (
				"$(DERIVED_FILE_DIR)/Pods-GTAHybridUITests-checkManifestLockResult.txt",
			);
			runOnlyForDeploymentPostprocessing = 0;
			shellPath = /bin/sh;
			shellScript = "diff \"${PODS_PODFILE_DIR_PATH}/Podfile.lock\" \"${PODS_ROOT}/Manifest.lock\" > /dev/null\nif [ $? != 0 ] ; then\n    # print error to STDERR\n    echo \"error: The sandbox is not in sync with the Podfile.lock. Run 'pod install' or update your CocoaPods installation.\" >&2\n    exit 1\nfi\n# This output is used by Xcode 'outputs' to avoid re-running this script phase.\necho \"SUCCESS\" > \"${SCRIPT_OUTPUT_FILE_0}\"\n";
			showEnvVarsInLog = 0;
		};
		8FC13580EE151FC0DA6FF67F /* [CP] Check Pods Manifest.lock */ = {
			isa = PBXShellScriptBuildPhase;
			buildActionMask = 2147483647;
			files = (
			);
			inputPaths = (
				"${PODS_PODFILE_DIR_PATH}/Podfile.lock",
				"${PODS_ROOT}/Manifest.lock",
			);
			name = "[CP] Check Pods Manifest.lock";
			outputPaths = (
				"$(DERIVED_FILE_DIR)/Pods-GTAHybridTests-checkManifestLockResult.txt",
			);
			runOnlyForDeploymentPostprocessing = 0;
			shellPath = /bin/sh;
			shellScript = "diff \"${PODS_PODFILE_DIR_PATH}/Podfile.lock\" \"${PODS_ROOT}/Manifest.lock\" > /dev/null\nif [ $? != 0 ] ; then\n    # print error to STDERR\n    echo \"error: The sandbox is not in sync with the Podfile.lock. Run 'pod install' or update your CocoaPods installation.\" >&2\n    exit 1\nfi\n# This output is used by Xcode 'outputs' to avoid re-running this script phase.\necho \"SUCCESS\" > \"${SCRIPT_OUTPUT_FILE_0}\"\n";
			showEnvVarsInLog = 0;
		};
		F4D33EC4AD93B6793D853A01 /* [CP] Check Pods Manifest.lock */ = {
			isa = PBXShellScriptBuildPhase;
			buildActionMask = 2147483647;
			files = (
			);
			inputPaths = (
				"${PODS_PODFILE_DIR_PATH}/Podfile.lock",
				"${PODS_ROOT}/Manifest.lock",
			);
			name = "[CP] Check Pods Manifest.lock";
			outputPaths = (
				"$(DERIVED_FILE_DIR)/Pods-GTAHybrid-checkManifestLockResult.txt",
			);
			runOnlyForDeploymentPostprocessing = 0;
			shellPath = /bin/sh;
			shellScript = "diff \"${PODS_PODFILE_DIR_PATH}/Podfile.lock\" \"${PODS_ROOT}/Manifest.lock\" > /dev/null\nif [ $? != 0 ] ; then\n    # print error to STDERR\n    echo \"error: The sandbox is not in sync with the Podfile.lock. Run 'pod install' or update your CocoaPods installation.\" >&2\n    exit 1\nfi\n# This output is used by Xcode 'outputs' to avoid re-running this script phase.\necho \"SUCCESS\" > \"${SCRIPT_OUTPUT_FILE_0}\"\n";
			showEnvVarsInLog = 0;
		};
/* End PBXShellScriptBuildPhase section */

/* Begin PBXSourcesBuildPhase section */
		2701586E21C0E37000CEF17D /* Sources */ = {
			isa = PBXSourcesBuildPhase;
			buildActionMask = 2147483647;
			files = (
				270158A821C0ED6A00CEF17D /* RNViewController.swift in Sources */,
				270158A621C0ED5800CEF17D /* WKWebViewController.swift in Sources */,
				2701587821C0E37000CEF17D /* ViewController.swift in Sources */,
				2701587621C0E37000CEF17D /* AppDelegate.swift in Sources */,
			);
			runOnlyForDeploymentPostprocessing = 0;
		};
		2701588221C0E37200CEF17D /* Sources */ = {
			isa = PBXSourcesBuildPhase;
			buildActionMask = 2147483647;
			files = (
				2701588B21C0E37200CEF17D /* GTAHybridTests.swift in Sources */,
			);
			runOnlyForDeploymentPostprocessing = 0;
		};
		2701588D21C0E37200CEF17D /* Sources */ = {
			isa = PBXSourcesBuildPhase;
			buildActionMask = 2147483647;
			files = (
				2701589621C0E37200CEF17D /* GTAHybridUITests.swift in Sources */,
			);
			runOnlyForDeploymentPostprocessing = 0;
		};
/* End PBXSourcesBuildPhase section */

/* Begin PBXTargetDependency section */
		2701588821C0E37200CEF17D /* PBXTargetDependency */ = {
			isa = PBXTargetDependency;
			target = 2701587121C0E37000CEF17D /* GTAHybrid */;
			targetProxy = 2701588721C0E37200CEF17D /* PBXContainerItemProxy */;
		};
		2701589321C0E37200CEF17D /* PBXTargetDependency */ = {
			isa = PBXTargetDependency;
			target = 2701587121C0E37000CEF17D /* GTAHybrid */;
			targetProxy = 2701589221C0E37200CEF17D /* PBXContainerItemProxy */;
		};
/* End PBXTargetDependency section */

/* Begin PBXVariantGroup section */
		2701587921C0E37000CEF17D /* Main.storyboard */ = {
			isa = PBXVariantGroup;
			children = (
				2701587A21C0E37000CEF17D /* Base */,
			);
			name = Main.storyboard;
			sourceTree = "<group>";
		};
		2701587E21C0E37200CEF17D /* LaunchScreen.storyboard */ = {
			isa = PBXVariantGroup;
			children = (
				2701587F21C0E37200CEF17D /* Base */,
			);
			name = LaunchScreen.storyboard;
			sourceTree = "<group>";
		};
/* End PBXVariantGroup section */

/* Begin XCBuildConfiguration section */
		2701589821C0E37200CEF17D /* Debug */ = {
			isa = XCBuildConfiguration;
			buildSettings = {
				ALWAYS_SEARCH_USER_PATHS = NO;
				CLANG_ANALYZER_NONNULL = YES;
				CLANG_ANALYZER_NUMBER_OBJECT_CONVERSION = YES_AGGRESSIVE;
				CLANG_CXX_LANGUAGE_STANDARD = "gnu++14";
				CLANG_CXX_LIBRARY = "libc++";
				CLANG_ENABLE_MODULES = YES;
				CLANG_ENABLE_OBJC_ARC = YES;
				CLANG_ENABLE_OBJC_WEAK = YES;
				CLANG_WARN_BLOCK_CAPTURE_AUTORELEASING = YES;
				CLANG_WARN_BOOL_CONVERSION = YES;
				CLANG_WARN_COMMA = YES;
				CLANG_WARN_CONSTANT_CONVERSION = YES;
				CLANG_WARN_DEPRECATED_OBJC_IMPLEMENTATIONS = YES;
				CLANG_WARN_DIRECT_OBJC_ISA_USAGE = YES_ERROR;
				CLANG_WARN_DOCUMENTATION_COMMENTS = YES;
				CLANG_WARN_EMPTY_BODY = YES;
				CLANG_WARN_ENUM_CONVERSION = YES;
				CLANG_WARN_INFINITE_RECURSION = YES;
				CLANG_WARN_INT_CONVERSION = YES;
				CLANG_WARN_NON_LITERAL_NULL_CONVERSION = YES;
				CLANG_WARN_OBJC_IMPLICIT_RETAIN_SELF = YES;
				CLANG_WARN_OBJC_LITERAL_CONVERSION = YES;
				CLANG_WARN_OBJC_ROOT_CLASS = YES_ERROR;
				CLANG_WARN_RANGE_LOOP_ANALYSIS = YES;
				CLANG_WARN_STRICT_PROTOTYPES = YES;
				CLANG_WARN_SUSPICIOUS_MOVE = YES;
				CLANG_WARN_UNGUARDED_AVAILABILITY = YES_AGGRESSIVE;
				CLANG_WARN_UNREACHABLE_CODE = YES;
				CLANG_WARN__DUPLICATE_METHOD_MATCH = YES;
				CODE_SIGN_IDENTITY = "iPhone Developer";
				COPY_PHASE_STRIP = NO;
				DEBUG_INFORMATION_FORMAT = dwarf;
				ENABLE_STRICT_OBJC_MSGSEND = YES;
				ENABLE_TESTABILITY = YES;
				GCC_C_LANGUAGE_STANDARD = gnu11;
				GCC_DYNAMIC_NO_PIC = NO;
				GCC_NO_COMMON_BLOCKS = YES;
				GCC_OPTIMIZATION_LEVEL = 0;
				GCC_PREPROCESSOR_DEFINITIONS = (
					"DEBUG=1",
					"$(inherited)",
				);
				GCC_WARN_64_TO_32_BIT_CONVERSION = YES;
				GCC_WARN_ABOUT_RETURN_TYPE = YES_ERROR;
				GCC_WARN_UNDECLARED_SELECTOR = YES;
				GCC_WARN_UNINITIALIZED_AUTOS = YES_AGGRESSIVE;
				GCC_WARN_UNUSED_FUNCTION = YES;
				GCC_WARN_UNUSED_VARIABLE = YES;
				IPHONEOS_DEPLOYMENT_TARGET = 12.0;
				MTL_ENABLE_DEBUG_INFO = INCLUDE_SOURCE;
				MTL_FAST_MATH = YES;
				ONLY_ACTIVE_ARCH = YES;
				SDKROOT = iphoneos;
				SWIFT_ACTIVE_COMPILATION_CONDITIONS = DEBUG;
				SWIFT_OPTIMIZATION_LEVEL = "-Onone";
			};
			name = Debug;
		};
		2701589921C0E37200CEF17D /* Release */ = {
			isa = XCBuildConfiguration;
			buildSettings = {
				ALWAYS_SEARCH_USER_PATHS = NO;
				CLANG_ANALYZER_NONNULL = YES;
				CLANG_ANALYZER_NUMBER_OBJECT_CONVERSION = YES_AGGRESSIVE;
				CLANG_CXX_LANGUAGE_STANDARD = "gnu++14";
				CLANG_CXX_LIBRARY = "libc++";
				CLANG_ENABLE_MODULES = YES;
				CLANG_ENABLE_OBJC_ARC = YES;
				CLANG_ENABLE_OBJC_WEAK = YES;
				CLANG_WARN_BLOCK_CAPTURE_AUTORELEASING = YES;
				CLANG_WARN_BOOL_CONVERSION = YES;
				CLANG_WARN_COMMA = YES;
				CLANG_WARN_CONSTANT_CONVERSION = YES;
				CLANG_WARN_DEPRECATED_OBJC_IMPLEMENTATIONS = YES;
				CLANG_WARN_DIRECT_OBJC_ISA_USAGE = YES_ERROR;
				CLANG_WARN_DOCUMENTATION_COMMENTS = YES;
				CLANG_WARN_EMPTY_BODY = YES;
				CLANG_WARN_ENUM_CONVERSION = YES;
				CLANG_WARN_INFINITE_RECURSION = YES;
				CLANG_WARN_INT_CONVERSION = YES;
				CLANG_WARN_NON_LITERAL_NULL_CONVERSION = YES;
				CLANG_WARN_OBJC_IMPLICIT_RETAIN_SELF = YES;
				CLANG_WARN_OBJC_LITERAL_CONVERSION = YES;
				CLANG_WARN_OBJC_ROOT_CLASS = YES_ERROR;
				CLANG_WARN_RANGE_LOOP_ANALYSIS = YES;
				CLANG_WARN_STRICT_PROTOTYPES = YES;
				CLANG_WARN_SUSPICIOUS_MOVE = YES;
				CLANG_WARN_UNGUARDED_AVAILABILITY = YES_AGGRESSIVE;
				CLANG_WARN_UNREACHABLE_CODE = YES;
				CLANG_WARN__DUPLICATE_METHOD_MATCH = YES;
				CODE_SIGN_IDENTITY = "iPhone Developer";
				COPY_PHASE_STRIP = NO;
				DEBUG_INFORMATION_FORMAT = "dwarf-with-dsym";
				ENABLE_NS_ASSERTIONS = NO;
				ENABLE_STRICT_OBJC_MSGSEND = YES;
				GCC_C_LANGUAGE_STANDARD = gnu11;
				GCC_NO_COMMON_BLOCKS = YES;
				GCC_WARN_64_TO_32_BIT_CONVERSION = YES;
				GCC_WARN_ABOUT_RETURN_TYPE = YES_ERROR;
				GCC_WARN_UNDECLARED_SELECTOR = YES;
				GCC_WARN_UNINITIALIZED_AUTOS = YES_AGGRESSIVE;
				GCC_WARN_UNUSED_FUNCTION = YES;
				GCC_WARN_UNUSED_VARIABLE = YES;
				IPHONEOS_DEPLOYMENT_TARGET = 12.0;
				MTL_ENABLE_DEBUG_INFO = NO;
				MTL_FAST_MATH = YES;
				SDKROOT = iphoneos;
				SWIFT_COMPILATION_MODE = wholemodule;
				SWIFT_OPTIMIZATION_LEVEL = "-O";
				VALIDATE_PRODUCT = YES;
			};
			name = Release;
		};
		2701589B21C0E37200CEF17D /* Debug */ = {
			isa = XCBuildConfiguration;
			baseConfigurationReference = 4DB95051226D4CF1CFA1D5B0 /* Pods-GTAHybrid.debug.xcconfig */;
			buildSettings = {
				ASSETCATALOG_COMPILER_APPICON_NAME = AppIcon;
				CODE_SIGN_STYLE = Automatic;
				DEVELOPMENT_TEAM = NHN8A752UN;
				INFOPLIST_FILE = GTAHybrid/Info.plist;
				LD_RUNPATH_SEARCH_PATHS = (
					"$(inherited)",
					"@executable_path/Frameworks",
				);
				PRODUCT_BUNDLE_IDENTIFIER = com.goingta.tl.GTAHybrid;
				PRODUCT_NAME = "$(TARGET_NAME)";
				SWIFT_VERSION = 4.2;
				TARGETED_DEVICE_FAMILY = "1,2";
			};
			name = Debug;
		};
		2701589C21C0E37200CEF17D /* Release */ = {
			isa = XCBuildConfiguration;
			baseConfigurationReference = 8C29E760CD0446A1E76C484D /* Pods-GTAHybrid.release.xcconfig */;
			buildSettings = {
				ASSETCATALOG_COMPILER_APPICON_NAME = AppIcon;
				CODE_SIGN_STYLE = Automatic;
				DEVELOPMENT_TEAM = NHN8A752UN;
				INFOPLIST_FILE = GTAHybrid/Info.plist;
				LD_RUNPATH_SEARCH_PATHS = (
					"$(inherited)",
					"@executable_path/Frameworks",
				);
				PRODUCT_BUNDLE_IDENTIFIER = com.goingta.tl.GTAHybrid;
				PRODUCT_NAME = "$(TARGET_NAME)";
				SWIFT_VERSION = 4.2;
				TARGETED_DEVICE_FAMILY = "1,2";
			};
			name = Release;
		};
		2701589E21C0E37200CEF17D /* Debug */ = {
			isa = XCBuildConfiguration;
			baseConfigurationReference = CFE087E9CBC40A878B7A298C /* Pods-GTAHybridTests.debug.xcconfig */;
			buildSettings = {
				ALWAYS_EMBED_SWIFT_STANDARD_LIBRARIES = YES;
				BUNDLE_LOADER = "$(TEST_HOST)";
				CODE_SIGN_STYLE = Automatic;
				DEVELOPMENT_TEAM = NHN8A752UN;
				INFOPLIST_FILE = GTAHybridTests/Info.plist;
				LD_RUNPATH_SEARCH_PATHS = (
					"$(inherited)",
					"@executable_path/Frameworks",
					"@loader_path/Frameworks",
				);
				PRODUCT_BUNDLE_IDENTIFIER = com.goingta.tl.GTAHybridTests;
				PRODUCT_NAME = "$(TARGET_NAME)";
				SWIFT_VERSION = 4.2;
				TARGETED_DEVICE_FAMILY = "1,2";
				TEST_HOST = "$(BUILT_PRODUCTS_DIR)/GTAHybrid.app/GTAHybrid";
			};
			name = Debug;
		};
		2701589F21C0E37200CEF17D /* Release */ = {
			isa = XCBuildConfiguration;
			baseConfigurationReference = 43BFF783DFDD0376CB2CE526 /* Pods-GTAHybridTests.release.xcconfig */;
			buildSettings = {
				ALWAYS_EMBED_SWIFT_STANDARD_LIBRARIES = YES;
				BUNDLE_LOADER = "$(TEST_HOST)";
				CODE_SIGN_STYLE = Automatic;
				DEVELOPMENT_TEAM = NHN8A752UN;
				INFOPLIST_FILE = GTAHybridTests/Info.plist;
				LD_RUNPATH_SEARCH_PATHS = (
					"$(inherited)",
					"@executable_path/Frameworks",
					"@loader_path/Frameworks",
				);
				PRODUCT_BUNDLE_IDENTIFIER = com.goingta.tl.GTAHybridTests;
				PRODUCT_NAME = "$(TARGET_NAME)";
				SWIFT_VERSION = 4.2;
				TARGETED_DEVICE_FAMILY = "1,2";
				TEST_HOST = "$(BUILT_PRODUCTS_DIR)/GTAHybrid.app/GTAHybrid";
			};
			name = Release;
		};
		270158A121C0E37200CEF17D /* Debug */ = {
			isa = XCBuildConfiguration;
			baseConfigurationReference = 4F76EEEB52AC2C3C0E45A2A6 /* Pods-GTAHybridUITests.debug.xcconfig */;
			buildSettings = {
				ALWAYS_EMBED_SWIFT_STANDARD_LIBRARIES = YES;
				CODE_SIGN_STYLE = Automatic;
				DEVELOPMENT_TEAM = NHN8A752UN;
				INFOPLIST_FILE = GTAHybridUITests/Info.plist;
				LD_RUNPATH_SEARCH_PATHS = (
					"$(inherited)",
					"@executable_path/Frameworks",
					"@loader_path/Frameworks",
				);
				PRODUCT_BUNDLE_IDENTIFIER = com.goingta.tl.GTAHybridUITests;
				PRODUCT_NAME = "$(TARGET_NAME)";
				SWIFT_VERSION = 4.2;
				TARGETED_DEVICE_FAMILY = "1,2";
				TEST_TARGET_NAME = GTAHybrid;
			};
			name = Debug;
		};
		270158A221C0E37200CEF17D /* Release */ = {
			isa = XCBuildConfiguration;
			baseConfigurationReference = 3EF3D9B57548C6D517995166 /* Pods-GTAHybridUITests.release.xcconfig */;
			buildSettings = {
				ALWAYS_EMBED_SWIFT_STANDARD_LIBRARIES = YES;
				CODE_SIGN_STYLE = Automatic;
				DEVELOPMENT_TEAM = NHN8A752UN;
				INFOPLIST_FILE = GTAHybridUITests/Info.plist;
				LD_RUNPATH_SEARCH_PATHS = (
					"$(inherited)",
					"@executable_path/Frameworks",
					"@loader_path/Frameworks",
				);
				PRODUCT_BUNDLE_IDENTIFIER = com.goingta.tl.GTAHybridUITests;
				PRODUCT_NAME = "$(TARGET_NAME)";
				SWIFT_VERSION = 4.2;
				TARGETED_DEVICE_FAMILY = "1,2";
				TEST_TARGET_NAME = GTAHybrid;
			};
			name = Release;
		};
/* End XCBuildConfiguration section */

/* Begin XCConfigurationList section */
		2701586D21C0E37000CEF17D /* Build configuration list for PBXProject "GTAHybrid" */ = {
			isa = XCConfigurationList;
			buildConfigurations = (
				2701589821C0E37200CEF17D /* Debug */,
				2701589921C0E37200CEF17D /* Release */,
			);
			defaultConfigurationIsVisible = 0;
			defaultConfigurationName = Release;
		};
		2701589A21C0E37200CEF17D /* Build configuration list for PBXNativeTarget "GTAHybrid" */ = {
			isa = XCConfigurationList;
			buildConfigurations = (
				2701589B21C0E37200CEF17D /* Debug */,
				2701589C21C0E37200CEF17D /* Release */,
			);
			defaultConfigurationIsVisible = 0;
			defaultConfigurationName = Release;
		};
		2701589D21C0E37200CEF17D /* Build configuration list for PBXNativeTarget "GTAHybridTests" */ = {
			isa = XCConfigurationList;
			buildConfigurations = (
				2701589E21C0E37200CEF17D /* Debug */,
				2701589F21C0E37200CEF17D /* Release */,
			);
			defaultConfigurationIsVisible = 0;
			defaultConfigurationName = Release;
		};
		270158A021C0E37200CEF17D /* Build configuration list for PBXNativeTarget "GTAHybridUITests" */ = {
			isa = XCConfigurationList;
			buildConfigurations = (
				270158A121C0E37200CEF17D /* Debug */,
				270158A221C0E37200CEF17D /* Release */,
			);
			defaultConfigurationIsVisible = 0;
			defaultConfigurationName = Release;
		};
/* End XCConfigurationList section */
	};
	rootObject = 2701586A21C0E37000CEF17D /* Project object */;
}
